
Microsoft Visual Studio Solution File, Format Version 12.00
# Visual Studio Version 16
VisualStudioVersion = 16.0.29215.179
MinimumVisualStudioVersion = 10.0.40219.1
Project("{FAE04EC0-301F-11D3-BF4B-00C04F79EFBC}") = "Calculator", "Calculator\Calculator.csproj", "{01A35031-5DB4-4E0A-A87F-1848E73D22F9}"
EndProject
Project("{FAE04EC0-301F-11D3-BF4B-00C04F79EFBC}") = "Calculator.Test.Unit", "Calculator.Test.Unit\Calculator.Test.Unit.csproj", "{C4C32F1F-2E2F-4FBD-902D-684DC34D6C8C}"
EndProject
Global
	GlobalSection(SolutionConfigurationPlatforms) = preSolution
		Debug|Any CPU = Debug|Any CPU
		Release|Any CPU = Release|Any CPU
	EndGlobalSection
	GlobalSection(ProjectConfigurationPlatforms) = postSolution
		{01A35031-5DB4-4E0A-A87F-1848E73D22F9}.Debug|Any CPU.ActiveCfg = Debug|Any CPU
		{01A35031-5DB4-4E0A-A87F-1848E73D22F9}.Debug|Any CPU.Build.0 = Debug|Any CPU
		{01A35031-5DB4-4E0A-A87F-1848E73D22F9}.Release|Any CPU.ActiveCfg = Release|Any CPU
		{01A35031-5DB4-4E0A-A87F-1848E73D22F9}.Release|Any CPU.Build.0 = Release|Any CPU
		{C4C32F1F-2E2F-4FBD-902D-684DC34D6C8C}.Debug|Any CPU.ActiveCfg = Debug|Any CPU
		{C4C32F1F-2E2F-4FBD-902D-684DC34D6C8C}.Debug|Any CPU.Build.0 = Debug|Any CPU
		{C4C32F1F-2E2F-4FBD-902D-684DC34D6C8C}.Release|Any CPU.ActiveCfg = Release|Any CPU
		{C4C32F1F-2E2F-4FBD-902D-684DC34D6C8C}.Release|Any CPU.Build.0 = Release|Any CPU
	EndGlobalSection
	GlobalSection(SolutionProperties) = preSolution
		HideSolutionNode = FALSE
	EndGlobalSection
	GlobalSection(ExtensibilityGlobals) = postSolution
		SolutionGuid = {C4C8BCCF-47A1-4EFE-ACED-FB34A5438E05}
	EndGlobalSection
EndGlobal
